
Microsoft Visual Studio Solution File, Format Version 12.00
# Visual Studio Version 17
VisualStudioVersion = 17.9.34723.18
MinimumVisualStudioVersion = 10.0.40219.1
Project("{FAE04EC0-301F-11D3-BF4B-00C04F79EFBC}") = "landing", "landing\landing.csproj", "{628845C4-3DDB-4A15-B432-74C9A327E471}"
EndProject
Global
	GlobalSection(SolutionConfigurationPlatforms) = preSolution
		Debug|Any CPU = Debug|Any CPU
		Release|Any CPU = Release|Any CPU
	EndGlobalSection
	GlobalSection(ProjectConfigurationPlatforms) = postSolution
		{628845C4-3DDB-4A15-B432-74C9A327E471}.Debug|Any CPU.ActiveCfg = Debug|Any CPU
		{628845C4-3DDB-4A15-B432-74C9A327E471}.Debug|Any CPU.Build.0 = Debug|Any CPU
		{628845C4-3DDB-4A15-B432-74C9A327E471}.Release|Any CPU.ActiveCfg = Release|Any CPU
		{628845C4-3DDB-4A15-B432-74C9A327E471}.Release|Any CPU.Build.0 = Release|Any CPU
	EndGlobalSection
	GlobalSection(SolutionProperties) = preSolution
		HideSolutionNode = FALSE
	EndGlobalSection
	GlobalSection(ExtensibilityGlobals) = postSolution
		SolutionGuid = {AEA2B7CE-E5AF-47C7-84A0-DBB4F0744D0F}
	EndGlobalSection
EndGlobal
